
Microsoft Visual Studio Solution File, Format Version 11.00
# Visual Studio 2010
Project("{FAE04EC0-301F-11D3-BF4B-00C04F79EFBC}") = "NM3216 Tutorial", "Assembly-CSharp.csproj", "{F61D4BA0-1E2F-6A66-4EB3-FA17CD2B288E}"
EndProject
Project("{FAE04EC0-301F-11D3-BF4B-00C04F79EFBC}") = "NM3216 Tutorial", "Assembly-CSharp-Editor.csproj", "{752E072B-7FED-BBCA-6A0D-A6BFCA27A710}"
EndProject
Global
	GlobalSection(SolutionConfigurationPlatforms) = preSolution
		Debug|Any CPU = Debug|Any CPU
		Release|Any CPU = Release|Any CPU
	EndGlobalSection
	GlobalSection(ProjectConfigurationPlatforms) = postSolution
		{F61D4BA0-1E2F-6A66-4EB3-FA17CD2B288E}.Debug|Any CPU.ActiveCfg = Debug|Any CPU
		{F61D4BA0-1E2F-6A66-4EB3-FA17CD2B288E}.Debug|Any CPU.Build.0 = Debug|Any CPU
		{F61D4BA0-1E2F-6A66-4EB3-FA17CD2B288E}.Release|Any CPU.ActiveCfg = Release|Any CPU
		{F61D4BA0-1E2F-6A66-4EB3-FA17CD2B288E}.Release|Any CPU.Build.0 = Release|Any CPU
		{752E072B-7FED-BBCA-6A0D-A6BFCA27A710}.Debug|Any CPU.ActiveCfg = Debug|Any CPU
		{752E072B-7FED-BBCA-6A0D-A6BFCA27A710}.Debug|Any CPU.Build.0 = Debug|Any CPU
		{752E072B-7FED-BBCA-6A0D-A6BFCA27A710}.Release|Any CPU.ActiveCfg = Release|Any CPU
		{752E072B-7FED-BBCA-6A0D-A6BFCA27A710}.Release|Any CPU.Build.0 = Release|Any CPU
	EndGlobalSection
	GlobalSection(SolutionProperties) = preSolution
		HideSolutionNode = FALSE
	EndGlobalSection
	GlobalSection(MonoDevelopProperties) = preSolution
		StartupItem = Assembly-CSharp.csproj
	EndGlobalSection
EndGlobal
